
Microsoft Visual Studio Solution File, Format Version 12.00
# Visual Studio Version 17
VisualStudioVersion = 17.1.32414.318
MinimumVisualStudioVersion = 10.0.40219.1
Project("{FAE04EC0-301F-11D3-BF4B-00C04F79EFBC}") = "task6_1", "task6_1\task6_1.csproj", "{2F102A3E-886D-439F-8FFB-35227EC523CA}"
EndProject
Project("{FAE04EC0-301F-11D3-BF4B-00C04F79EFBC}") = "task6_2", "task6_2\task6_2.csproj", "{0B7F446D-6C1B-47DC-8A65-015A37F5942A}"
EndProject
Global
	GlobalSection(SolutionConfigurationPlatforms) = preSolution
		Debug|Any CPU = Debug|Any CPU
		Release|Any CPU = Release|Any CPU
	EndGlobalSection
	GlobalSection(ProjectConfigurationPlatforms) = postSolution
		{2F102A3E-886D-439F-8FFB-35227EC523CA}.Debug|Any CPU.ActiveCfg = Debug|Any CPU
		{2F102A3E-886D-439F-8FFB-35227EC523CA}.Debug|Any CPU.Build.0 = Debug|Any CPU
		{2F102A3E-886D-439F-8FFB-35227EC523CA}.Release|Any CPU.ActiveCfg = Release|Any CPU
		{2F102A3E-886D-439F-8FFB-35227EC523CA}.Release|Any CPU.Build.0 = Release|Any CPU
		{0B7F446D-6C1B-47DC-8A65-015A37F5942A}.Debug|Any CPU.ActiveCfg = Debug|Any CPU
		{0B7F446D-6C1B-47DC-8A65-015A37F5942A}.Debug|Any CPU.Build.0 = Debug|Any CPU
		{0B7F446D-6C1B-47DC-8A65-015A37F5942A}.Release|Any CPU.ActiveCfg = Release|Any CPU
		{0B7F446D-6C1B-47DC-8A65-015A37F5942A}.Release|Any CPU.Build.0 = Release|Any CPU
	EndGlobalSection
	GlobalSection(SolutionProperties) = preSolution
		HideSolutionNode = FALSE
	EndGlobalSection
	GlobalSection(ExtensibilityGlobals) = postSolution
		SolutionGuid = {7731F3F2-511E-4D92-A063-E1D8E91A63DB}
	EndGlobalSection
EndGlobal
