
Microsoft Visual Studio Solution File, Format Version 12.00
# Visual Studio Version 17
VisualStudioVersion = 17.1.32414.318
MinimumVisualStudioVersion = 10.0.40219.1
Project("{FAE04EC0-301F-11D3-BF4B-00C04F79EFBC}") = "task2_camp", "task2_camp\task2_camp.csproj", "{1FDB06E0-99F7-4BFF-BD51-739BBD9DFCBE}"
EndProject
Global
	GlobalSection(SolutionConfigurationPlatforms) = preSolution
		Debug|Any CPU = Debug|Any CPU
		Release|Any CPU = Release|Any CPU
	EndGlobalSection
	GlobalSection(ProjectConfigurationPlatforms) = postSolution
		{1FDB06E0-99F7-4BFF-BD51-739BBD9DFCBE}.Debug|Any CPU.ActiveCfg = Debug|Any CPU
		{1FDB06E0-99F7-4BFF-BD51-739BBD9DFCBE}.Debug|Any CPU.Build.0 = Debug|Any CPU
		{1FDB06E0-99F7-4BFF-BD51-739BBD9DFCBE}.Release|Any CPU.ActiveCfg = Release|Any CPU
		{1FDB06E0-99F7-4BFF-BD51-739BBD9DFCBE}.Release|Any CPU.Build.0 = Release|Any CPU
	EndGlobalSection
	GlobalSection(SolutionProperties) = preSolution
		HideSolutionNode = FALSE
	EndGlobalSection
	GlobalSection(ExtensibilityGlobals) = postSolution
		SolutionGuid = {149116B5-71DA-4FDC-AC74-6DEEA37F18C8}
	EndGlobalSection
EndGlobal
