
Microsoft Visual Studio Solution File, Format Version 12.00
# Visual Studio Version 17
VisualStudioVersion = 17.1.32414.318
MinimumVisualStudioVersion = 10.0.40219.1
Project("{FAE04EC0-301F-11D3-BF4B-00C04F79EFBC}") = "task1_camp", "task1_camp\task1_camp.csproj", "{F61C4FD2-907F-4E56-BCF1-85129AB75FFD}"
EndProject
Global
	GlobalSection(SolutionConfigurationPlatforms) = preSolution
		Debug|Any CPU = Debug|Any CPU
		Release|Any CPU = Release|Any CPU
	EndGlobalSection
	GlobalSection(ProjectConfigurationPlatforms) = postSolution
		{F61C4FD2-907F-4E56-BCF1-85129AB75FFD}.Debug|Any CPU.ActiveCfg = Debug|Any CPU
		{F61C4FD2-907F-4E56-BCF1-85129AB75FFD}.Debug|Any CPU.Build.0 = Debug|Any CPU
		{F61C4FD2-907F-4E56-BCF1-85129AB75FFD}.Release|Any CPU.ActiveCfg = Release|Any CPU
		{F61C4FD2-907F-4E56-BCF1-85129AB75FFD}.Release|Any CPU.Build.0 = Release|Any CPU
	EndGlobalSection
	GlobalSection(SolutionProperties) = preSolution
		HideSolutionNode = FALSE
	EndGlobalSection
	GlobalSection(ExtensibilityGlobals) = postSolution
		SolutionGuid = {380EA82B-3D73-4C76-B30B-92D6E12B43ED}
	EndGlobalSection
EndGlobal
